
Microsoft Visual Studio Solution File, Format Version 12.00
# Visual Studio 15
VisualStudioVersion = 15.0.27703.2000
MinimumVisualStudioVersion = 10.0.40219.1
Project("{FAE04EC0-301F-11D3-BF4B-00C04F79EFBC}") = "Payer", "Payer\Payer.csproj", "{92D0C4EF-263B-402E-84F0-60E74EBB17C2}"
EndProject
Global
	GlobalSection(SolutionConfigurationPlatforms) = preSolution
		Debug|Any CPU = Debug|Any CPU
		Release|Any CPU = Release|Any CPU
	EndGlobalSection
	GlobalSection(ProjectConfigurationPlatforms) = postSolution
		{92D0C4EF-263B-402E-84F0-60E74EBB17C2}.Debug|Any CPU.ActiveCfg = Debug|Any CPU
		{92D0C4EF-263B-402E-84F0-60E74EBB17C2}.Debug|Any CPU.Build.0 = Debug|Any CPU
		{92D0C4EF-263B-402E-84F0-60E74EBB17C2}.Release|Any CPU.ActiveCfg = Release|Any CPU
		{92D0C4EF-263B-402E-84F0-60E74EBB17C2}.Release|Any CPU.Build.0 = Release|Any CPU
	EndGlobalSection
	GlobalSection(SolutionProperties) = preSolution
		HideSolutionNode = FALSE
	EndGlobalSection
	GlobalSection(ExtensibilityGlobals) = postSolution
		SolutionGuid = {E4DF3B7E-CB28-4832-99D7-C6176968B371}
	EndGlobalSection
EndGlobal
